
Microsoft Visual Studio Solution File, Format Version 12.00
# Visual Studio Version 16
VisualStudioVersion = 16.0.30002.166
MinimumVisualStudioVersion = 10.0.40219.1
Project("{FAE04EC0-301F-11D3-BF4B-00C04F79EFBC}") = "GithubEample", "GithubEample\GithubEample.csproj", "{8ADEEECC-A14D-4E73-B467-B6B9F391451F}"
EndProject
Global
	GlobalSection(SolutionConfigurationPlatforms) = preSolution
		Debug|Any CPU = Debug|Any CPU
		Release|Any CPU = Release|Any CPU
	EndGlobalSection
	GlobalSection(ProjectConfigurationPlatforms) = postSolution
		{8ADEEECC-A14D-4E73-B467-B6B9F391451F}.Debug|Any CPU.ActiveCfg = Debug|Any CPU
		{8ADEEECC-A14D-4E73-B467-B6B9F391451F}.Debug|Any CPU.Build.0 = Debug|Any CPU
		{8ADEEECC-A14D-4E73-B467-B6B9F391451F}.Release|Any CPU.ActiveCfg = Release|Any CPU
		{8ADEEECC-A14D-4E73-B467-B6B9F391451F}.Release|Any CPU.Build.0 = Release|Any CPU
	EndGlobalSection
	GlobalSection(SolutionProperties) = preSolution
		HideSolutionNode = FALSE
	EndGlobalSection
	GlobalSection(ExtensibilityGlobals) = postSolution
		SolutionGuid = {C130B726-C01E-4B3F-8241-08B3A087B02B}
	EndGlobalSection
EndGlobal
